
Microsoft Visual Studio Solution File, Format Version 12.00
# Visual Studio Version 17
VisualStudioVersion = 17.14.36518.9 d17.14
MinimumVisualStudioVersion = 10.0.40219.1
Project("{2150E333-8FDC-42A3-9474-1A3956D46DE8}") = "Api", "Api", "{02EA681E-C7D8-13C7-8484-4AC65E1B71E8}"
EndProject
Project("{2150E333-8FDC-42A3-9474-1A3956D46DE8}") = "Infrastructure", "Infrastructure", "{C09BADF9-F632-40A3-8260-D9B7DD3C0B1F}"
EndProject
Project("{2150E333-8FDC-42A3-9474-1A3956D46DE8}") = "Contracts", "Contracts", "{F8A0F2F6-4821-446D-84B3-B4AAC80FEFBA}"
EndProject
Project("{2150E333-8FDC-42A3-9474-1A3956D46DE8}") = "Domain", "Domain", "{8B1B8071-C2DE-4479-B14E-10C4CA6D2D78}"
EndProject
Project("{2150E333-8FDC-42A3-9474-1A3956D46DE8}") = "Application", "Application", "{7B51B458-2E76-439E-A68F-5529B5D39C5E}"
EndProject
Project("{FAE04EC0-301F-11D3-BF4B-00C04F79EFBC}") = "StockAccountApi", "Api\StockAccountApi\StockAccountApi.csproj", "{0ED6A56B-AC96-426D-81A0-DE1F77B34E95}"
EndProject
Global
	GlobalSection(SolutionConfigurationPlatforms) = preSolution
		Debug|Any CPU = Debug|Any CPU
		Release|Any CPU = Release|Any CPU
	EndGlobalSection
	GlobalSection(ProjectConfigurationPlatforms) = postSolution
		{0ED6A56B-AC96-426D-81A0-DE1F77B34E95}.Debug|Any CPU.ActiveCfg = Debug|Any CPU
		{0ED6A56B-AC96-426D-81A0-DE1F77B34E95}.Debug|Any CPU.Build.0 = Debug|Any CPU
		{0ED6A56B-AC96-426D-81A0-DE1F77B34E95}.Release|Any CPU.ActiveCfg = Release|Any CPU
		{0ED6A56B-AC96-426D-81A0-DE1F77B34E95}.Release|Any CPU.Build.0 = Release|Any CPU
	EndGlobalSection
	GlobalSection(SolutionProperties) = preSolution
		HideSolutionNode = FALSE
	EndGlobalSection
	GlobalSection(NestedProjects) = preSolution
		{0ED6A56B-AC96-426D-81A0-DE1F77B34E95} = {02EA681E-C7D8-13C7-8484-4AC65E1B71E8}
	EndGlobalSection
	GlobalSection(ExtensibilityGlobals) = postSolution
		SolutionGuid = {F733E4F5-E107-417F-95F5-497C94C04A47}
	EndGlobalSection
EndGlobal
