
Microsoft Visual Studio Solution File, Format Version 12.00
# Visual Studio Version 17
VisualStudioVersion = 17.14.36518.9
MinimumVisualStudioVersion = 10.0.40219.1
Project("{2150E333-8FDC-42A3-9474-1A3956D46DE8}") = "Api", "Api", "{02EA681E-C7D8-13C7-8484-4AC65E1B71E8}"
EndProject
Project("{2150E333-8FDC-42A3-9474-1A3956D46DE8}") = "Infrastructure", "Infrastructure", "{C09BADF9-F632-40A3-8260-D9B7DD3C0B1F}"
EndProject
Project("{2150E333-8FDC-42A3-9474-1A3956D46DE8}") = "Contracts", "Contracts", "{F8A0F2F6-4821-446D-84B3-B4AAC80FEFBA}"
EndProject
Project("{2150E333-8FDC-42A3-9474-1A3956D46DE8}") = "Domain", "Domain", "{8B1B8071-C2DE-4479-B14E-10C4CA6D2D78}"
EndProject
Project("{2150E333-8FDC-42A3-9474-1A3956D46DE8}") = "Application", "Application", "{7B51B458-2E76-439E-A68F-5529B5D39C5E}"
EndProject
Project("{FAE04EC0-301F-11D3-BF4B-00C04F79EFBC}") = "StockAccountApi", "Api\StockAccountApi\StockAccountApi.csproj", "{0ED6A56B-AC96-426D-81A0-DE1F77B34E95}"
EndProject
Project("{FAE04EC0-301F-11D3-BF4B-00C04F79EFBC}") = "StockAccountDomain", "Domain\StockAccountDomain\StockAccountDomain.csproj", "{86A257E8-D25D-4749-AEE4-7D035A915A04}"
EndProject
Project("{FAE04EC0-301F-11D3-BF4B-00C04F79EFBC}") = "StockAccountInfrastructure", "Infrastructure\StockAccountInfrastructure\StockAccountInfrastructure.csproj", "{9F56CADB-83E9-40DC-8A3A-1BE3731BFFF8}"
EndProject
Project("{FAE04EC0-301F-11D3-BF4B-00C04F79EFBC}") = "StockAccountContracts", "Contracts\StockAccountContracts\StockAccountContracts.csproj", "{458FACC6-E15F-43CC-B265-E12425A02482}"
EndProject
Project("{FAE04EC0-301F-11D3-BF4B-00C04F79EFBC}") = "StockAccountApplication", "Application\StockAccountApplication\StockAccountApplication.csproj", "{66BD441E-CBAA-4447-9964-2BF9C1DCC015}"
EndProject
Project("{2150E333-8FDC-42A3-9474-1A3956D46DE8}") = "Test", "Test", "{914DEFE3-2334-44AC-8E2A-B91BC2360841}"
EndProject
Project("{FAE04EC0-301F-11D3-BF4B-00C04F79EFBC}") = "StockAccountApplication.Test", "Test\StockAccountApplication.Test\StockAccountApplication.Test.csproj", "{0027D124-A5ED-4247-8AA8-449AFD2A2774}"
EndProject
Global
	GlobalSection(SolutionConfigurationPlatforms) = preSolution
		Debug|Any CPU = Debug|Any CPU
		Release|Any CPU = Release|Any CPU
	EndGlobalSection
	GlobalSection(ProjectConfigurationPlatforms) = postSolution
		{0ED6A56B-AC96-426D-81A0-DE1F77B34E95}.Debug|Any CPU.ActiveCfg = Debug|Any CPU
		{0ED6A56B-AC96-426D-81A0-DE1F77B34E95}.Debug|Any CPU.Build.0 = Debug|Any CPU
		{0ED6A56B-AC96-426D-81A0-DE1F77B34E95}.Release|Any CPU.ActiveCfg = Release|Any CPU
		{0ED6A56B-AC96-426D-81A0-DE1F77B34E95}.Release|Any CPU.Build.0 = Release|Any CPU
		{86A257E8-D25D-4749-AEE4-7D035A915A04}.Debug|Any CPU.ActiveCfg = Debug|Any CPU
		{86A257E8-D25D-4749-AEE4-7D035A915A04}.Debug|Any CPU.Build.0 = Debug|Any CPU
		{86A257E8-D25D-4749-AEE4-7D035A915A04}.Release|Any CPU.ActiveCfg = Release|Any CPU
		{86A257E8-D25D-4749-AEE4-7D035A915A04}.Release|Any CPU.Build.0 = Release|Any CPU
		{9F56CADB-83E9-40DC-8A3A-1BE3731BFFF8}.Debug|Any CPU.ActiveCfg = Debug|Any CPU
		{9F56CADB-83E9-40DC-8A3A-1BE3731BFFF8}.Debug|Any CPU.Build.0 = Debug|Any CPU
		{9F56CADB-83E9-40DC-8A3A-1BE3731BFFF8}.Release|Any CPU.ActiveCfg = Release|Any CPU
		{9F56CADB-83E9-40DC-8A3A-1BE3731BFFF8}.Release|Any CPU.Build.0 = Release|Any CPU
		{458FACC6-E15F-43CC-B265-E12425A02482}.Debug|Any CPU.ActiveCfg = Debug|Any CPU
		{458FACC6-E15F-43CC-B265-E12425A02482}.Debug|Any CPU.Build.0 = Debug|Any CPU
		{458FACC6-E15F-43CC-B265-E12425A02482}.Release|Any CPU.ActiveCfg = Release|Any CPU
		{458FACC6-E15F-43CC-B265-E12425A02482}.Release|Any CPU.Build.0 = Release|Any CPU
		{66BD441E-CBAA-4447-9964-2BF9C1DCC015}.Debug|Any CPU.ActiveCfg = Debug|Any CPU
		{66BD441E-CBAA-4447-9964-2BF9C1DCC015}.Debug|Any CPU.Build.0 = Debug|Any CPU
		{66BD441E-CBAA-4447-9964-2BF9C1DCC015}.Release|Any CPU.ActiveCfg = Release|Any CPU
		{66BD441E-CBAA-4447-9964-2BF9C1DCC015}.Release|Any CPU.Build.0 = Release|Any CPU
		{0027D124-A5ED-4247-8AA8-449AFD2A2774}.Debug|Any CPU.ActiveCfg = Debug|Any CPU
		{0027D124-A5ED-4247-8AA8-449AFD2A2774}.Debug|Any CPU.Build.0 = Debug|Any CPU
		{0027D124-A5ED-4247-8AA8-449AFD2A2774}.Release|Any CPU.ActiveCfg = Release|Any CPU
		{0027D124-A5ED-4247-8AA8-449AFD2A2774}.Release|Any CPU.Build.0 = Release|Any CPU
	EndGlobalSection
	GlobalSection(SolutionProperties) = preSolution
		HideSolutionNode = FALSE
	EndGlobalSection
	GlobalSection(NestedProjects) = preSolution
		{0ED6A56B-AC96-426D-81A0-DE1F77B34E95} = {02EA681E-C7D8-13C7-8484-4AC65E1B71E8}
		{86A257E8-D25D-4749-AEE4-7D035A915A04} = {8B1B8071-C2DE-4479-B14E-10C4CA6D2D78}
		{9F56CADB-83E9-40DC-8A3A-1BE3731BFFF8} = {C09BADF9-F632-40A3-8260-D9B7DD3C0B1F}
		{458FACC6-E15F-43CC-B265-E12425A02482} = {F8A0F2F6-4821-446D-84B3-B4AAC80FEFBA}
		{66BD441E-CBAA-4447-9964-2BF9C1DCC015} = {7B51B458-2E76-439E-A68F-5529B5D39C5E}
		{0027D124-A5ED-4247-8AA8-449AFD2A2774} = {914DEFE3-2334-44AC-8E2A-B91BC2360841}
	EndGlobalSection
	GlobalSection(ExtensibilityGlobals) = postSolution
		SolutionGuid = {F733E4F5-E107-417F-95F5-497C94C04A47}
	EndGlobalSection
EndGlobal
